
```
Microsoft Visual Studio Solution File, Format Version 12.00
# Visual Studio Version 17
VisualStudioVersion = 17.7.33424.131
MinimumVisualStudioVersion = 10.0.40219.1
Project("{FAE04EC0-301F-11D3-BF4B-00C04F79EFBC}") = "OrderService", "OrderService.csproj", "{D2A010E3-1DB9-4C88-AC9A-6BC3CBE3930E}"
EndProject
Global
	GlobalSection(SolutionConfigurationPlatforms) = preSolution
		Debug|Any CPU = Debug|Any CPU
		Release|Any CPU = Release|Any CPU
	EndGlobalSection
	GlobalSection(ProjectConfigurationPlatforms) = postSolution
		{D2A010E3-1DB9-4C88-AC9A-6BC3CBE3930E}.Debug|Any CPU.ActiveCfg = Debug|Any CPU
		{D2A010E3-1DB9-4C88-AC9A-6BC3CBE3930E}.Debug|Any CPU.Build.0 = Debug|Any CPU
		{D2A010E3-1DB9-4C88-AC9A-6BC3CBE3930E}.Release|Any CPU.ActiveCfg = Release|Any CPU
		{D2A010E3-1DB9-4C88-AC9A-6BC3CBE3930E}.Release|Any CPU.Build.0 = Release|Any CPU
	EndGlobalSection
EndGlobal
```
